{
    "version": 3,
    "terraform_version": "0.10.4",
    "serial": 4,
    "lineage": "55216900-127a-4e9e-977e-ad954f0d301c",
    "modules": [
        {
            "path": [
                "root"
            ],
            "outputs": {},
            "resources": {
                "openstack_compute_secgroup_v2.securitygroup.0": {
                    "type": "openstack_compute_secgroup_v2",
                    "depends_on": [],
                    "primary": {
                        "id": "3ce10061-bdf2-425e-a264-c7a9c8af216c",
                        "attributes": {
                            "description": "Security group for the K8S Master instances",
                            "id": "3ce10061-bdf2-425e-a264-c7a9c8af216c",
                            "name": "K8S-SG-Master",
                            "region": "",
                            "rule.#": "3",
                            "rule.3504552125.cidr": "0.0.0.0/0",
                            "rule.3504552125.from_group_id": "",
                            "rule.3504552125.from_port": "53",
                            "rule.3504552125.id": "b05ddb1a-a253-4756-b215-307ae1795d1b",
                            "rule.3504552125.ip_protocol": "udp",
                            "rule.3504552125.self": "false",
                            "rule.3504552125.to_port": "53",
                            "rule.363848943.cidr": "0.0.0.0/0",
                            "rule.363848943.from_group_id": "",
                            "rule.363848943.from_port": "1",
                            "rule.363848943.id": "1a44a934-da94-4e72-afa1-1f7b407e7a3c",
                            "rule.363848943.ip_protocol": "tcp",
                            "rule.363848943.self": "false",
                            "rule.363848943.to_port": "65535",
                            "rule.4211028471.cidr": "::/0",
                            "rule.4211028471.from_group_id": "",
                            "rule.4211028471.from_port": "1",
                            "rule.4211028471.id": "bbc9b301-eb3a-4f7f-ac72-0cc22e392416",
                            "rule.4211028471.ip_protocol": "tcp",
                            "rule.4211028471.self": "false",
                            "rule.4211028471.to_port": "65535"
                        },
                        "meta": {
                            "e2bfb730-ecaa-11e6-8f88-34363bc7c4c0": {
                                "delete": 600000000000
                            }
                        },
                        "tainted": false
                    },
                    "deposed": [],
                    "provider": ""
                }
            },
            "depends_on": []
        }
    ]
}
